
Microsoft Visual Studio Solution File, Format Version 12.00
# Visual Studio 2012
Project("{FAE04EC0-301F-11D3-BF4B-00C04F79EFBC}") = "WordProcessor2013", "WordProcessor2013\WordProcessor2013.csproj", "{8CE9A9F7-B12E-4A6F-B2AA-51D6899E6B0E}"
EndProject
Project("{FAE04EC0-301F-11D3-BF4B-00C04F79EFBC}") = "WordProcessor2013_UnitTests", "WordProcessor2013_UnitTests\WordProcessor2013_UnitTests.csproj", "{59CA62F8-4805-446C-BC3D-301CD1C7B967}"
EndProject
Global
	GlobalSection(SolutionConfigurationPlatforms) = preSolution
		Debug|Any CPU = Debug|Any CPU
		Release|Any CPU = Release|Any CPU
	EndGlobalSection
	GlobalSection(ProjectConfigurationPlatforms) = postSolution
		{8CE9A9F7-B12E-4A6F-B2AA-51D6899E6B0E}.Debug|Any CPU.ActiveCfg = Debug|Any CPU
		{8CE9A9F7-B12E-4A6F-B2AA-51D6899E6B0E}.Debug|Any CPU.Build.0 = Debug|Any CPU
		{8CE9A9F7-B12E-4A6F-B2AA-51D6899E6B0E}.Release|Any CPU.ActiveCfg = Release|Any CPU
		{8CE9A9F7-B12E-4A6F-B2AA-51D6899E6B0E}.Release|Any CPU.Build.0 = Release|Any CPU
		{59CA62F8-4805-446C-BC3D-301CD1C7B967}.Debug|Any CPU.ActiveCfg = Debug|Any CPU
		{59CA62F8-4805-446C-BC3D-301CD1C7B967}.Debug|Any CPU.Build.0 = Debug|Any CPU
		{59CA62F8-4805-446C-BC3D-301CD1C7B967}.Release|Any CPU.ActiveCfg = Release|Any CPU
		{59CA62F8-4805-446C-BC3D-301CD1C7B967}.Release|Any CPU.Build.0 = Release|Any CPU
	EndGlobalSection
	GlobalSection(SolutionProperties) = preSolution
		HideSolutionNode = FALSE
	EndGlobalSection
EndGlobal
