
Microsoft Visual Studio Solution File, Format Version 12.00
# Visual Studio 2012
Project("{FAE04EC0-301F-11D3-BF4B-00C04F79EFBC}") = "Huffman", "Huffman\Huffman.csproj", "{D87CA162-7105-4EC0-B5F3-C31C6F7CF50F}"
EndProject
Project("{FAE04EC0-301F-11D3-BF4B-00C04F79EFBC}") = "Huffman_UnitTests", "Huffman_UnitTests\Huffman_UnitTests.csproj", "{EE4EAFDB-2CBF-44C3-B8B2-EEE65BFF1A30}"
EndProject
Global
	GlobalSection(SolutionConfigurationPlatforms) = preSolution
		Debug|Any CPU = Debug|Any CPU
		Release|Any CPU = Release|Any CPU
	EndGlobalSection
	GlobalSection(ProjectConfigurationPlatforms) = postSolution
		{D87CA162-7105-4EC0-B5F3-C31C6F7CF50F}.Debug|Any CPU.ActiveCfg = Debug|Any CPU
		{D87CA162-7105-4EC0-B5F3-C31C6F7CF50F}.Debug|Any CPU.Build.0 = Debug|Any CPU
		{D87CA162-7105-4EC0-B5F3-C31C6F7CF50F}.Release|Any CPU.ActiveCfg = Release|Any CPU
		{D87CA162-7105-4EC0-B5F3-C31C6F7CF50F}.Release|Any CPU.Build.0 = Release|Any CPU
		{EE4EAFDB-2CBF-44C3-B8B2-EEE65BFF1A30}.Debug|Any CPU.ActiveCfg = Debug|Any CPU
		{EE4EAFDB-2CBF-44C3-B8B2-EEE65BFF1A30}.Debug|Any CPU.Build.0 = Debug|Any CPU
		{EE4EAFDB-2CBF-44C3-B8B2-EEE65BFF1A30}.Release|Any CPU.ActiveCfg = Release|Any CPU
		{EE4EAFDB-2CBF-44C3-B8B2-EEE65BFF1A30}.Release|Any CPU.Build.0 = Release|Any CPU
	EndGlobalSection
	GlobalSection(SolutionProperties) = preSolution
		HideSolutionNode = FALSE
	EndGlobalSection
	GlobalSection(Performance) = preSolution
		HasPerformanceSessions = true
	EndGlobalSection
EndGlobal
